
Microsoft Visual Studio Solution File, Format Version 12.00
# Visual Studio Version 17
VisualStudioVersion = 17.2.32630.192
MinimumVisualStudioVersion = 10.0.40219.1
Project("{FAE04EC0-301F-11D3-BF4B-00C04F79EFBC}") = "RollingDiceGame", "RollingDiceGame\RollingDiceGame.csproj", "{CEF66F7E-0495-4E95-878E-6164A237E174}"
EndProject
Global
	GlobalSection(SolutionConfigurationPlatforms) = preSolution
		Debug|Any CPU = Debug|Any CPU
		Release|Any CPU = Release|Any CPU
	EndGlobalSection
	GlobalSection(ProjectConfigurationPlatforms) = postSolution
		{CEF66F7E-0495-4E95-878E-6164A237E174}.Debug|Any CPU.ActiveCfg = Debug|Any CPU
		{CEF66F7E-0495-4E95-878E-6164A237E174}.Debug|Any CPU.Build.0 = Debug|Any CPU
		{CEF66F7E-0495-4E95-878E-6164A237E174}.Release|Any CPU.ActiveCfg = Release|Any CPU
		{CEF66F7E-0495-4E95-878E-6164A237E174}.Release|Any CPU.Build.0 = Release|Any CPU
	EndGlobalSection
	GlobalSection(SolutionProperties) = preSolution
		HideSolutionNode = FALSE
	EndGlobalSection
	GlobalSection(ExtensibilityGlobals) = postSolution
		SolutionGuid = {6F99A4D7-3B6B-4A4E-B131-18DDDFED306B}
	EndGlobalSection
EndGlobal
